
Microsoft Visual Studio Solution File, Format Version 12.00
# Visual Studio Version 17
VisualStudioVersion = 17.0.31903.59
MinimumVisualStudioVersion = 10.0.40219.1
Project("{2150E333-8FDC-42A3-9474-1A3956D46DE8}") = "src", "src", "{827E0CD3-B72D-47B6-A68D-7590B98EB39B}"
EndProject
Project("{2150E333-8FDC-42A3-9474-1A3956D46DE8}") = "Domain", "Domain", "{8B290487-4C16-E85E-E807-F579CBE9FC4D}"
EndProject
Project("{FAE04EC0-301F-11D3-BF4B-00C04F79EFBC}") = "StoreManager.Domain", "src\Domain\StoreManager.Domain.csproj", "{CD3289CE-A927-4383-8652-8C84494A64EE}"
EndProject
Project("{2150E333-8FDC-42A3-9474-1A3956D46DE8}") = "Application", "Application", "{22BAF98C-8415-17C4-B26A-D537657BC863}"
EndProject
Project("{FAE04EC0-301F-11D3-BF4B-00C04F79EFBC}") = "StoreManager.Application", "src\Application\StoreManager.Application.csproj", "{91B54FFC-9FD6-45D2-A05A-281A38B7D75C}"
EndProject
Project("{2150E333-8FDC-42A3-9474-1A3956D46DE8}") = "Infrastructure", "Infrastructure", "{9048EB7F-3875-A59E-E36B-5BD4C6F2A282}"
EndProject
Project("{FAE04EC0-301F-11D3-BF4B-00C04F79EFBC}") = "StoreManager.Infrastructure", "src\Infrastructure\StoreManager.Infrastructure.csproj", "{FAAED058-7AE8-4840-84C6-16ACE82E3628}"
EndProject
Project("{2150E333-8FDC-42A3-9474-1A3956D46DE8}") = "tests", "tests", "{0AB3BF05-4346-4AA6-1389-037BE0695223}"
EndProject
Project("{2150E333-8FDC-42A3-9474-1A3956D46DE8}") = "UnitTests", "UnitTests", "{394A81D9-3C45-9818-BB26-23F2B85056FF}"
EndProject
Project("{FAE04EC0-301F-11D3-BF4B-00C04F79EFBC}") = "StoreManager.Tests", "tests\UnitTests\StoreManager.Tests.csproj", "{69EA318B-4871-4341-9D3A-A2E087C14071}"
EndProject
Global
	GlobalSection(SolutionConfigurationPlatforms) = preSolution
		Debug|Any CPU = Debug|Any CPU
		Debug|x64 = Debug|x64
		Debug|x86 = Debug|x86
		Release|Any CPU = Release|Any CPU
		Release|x64 = Release|x64
		Release|x86 = Release|x86
	EndGlobalSection
	GlobalSection(ProjectConfigurationPlatforms) = postSolution
		{CD3289CE-A927-4383-8652-8C84494A64EE}.Debug|Any CPU.ActiveCfg = Debug|Any CPU
		{CD3289CE-A927-4383-8652-8C84494A64EE}.Debug|Any CPU.Build.0 = Debug|Any CPU
		{CD3289CE-A927-4383-8652-8C84494A64EE}.Debug|x64.ActiveCfg = Debug|Any CPU
		{CD3289CE-A927-4383-8652-8C84494A64EE}.Debug|x64.Build.0 = Debug|Any CPU
		{CD3289CE-A927-4383-8652-8C84494A64EE}.Debug|x86.ActiveCfg = Debug|Any CPU
		{CD3289CE-A927-4383-8652-8C84494A64EE}.Debug|x86.Build.0 = Debug|Any CPU
		{CD3289CE-A927-4383-8652-8C84494A64EE}.Release|Any CPU.ActiveCfg = Release|Any CPU
		{CD3289CE-A927-4383-8652-8C84494A64EE}.Release|Any CPU.Build.0 = Release|Any CPU
		{CD3289CE-A927-4383-8652-8C84494A64EE}.Release|x64.ActiveCfg = Release|Any CPU
		{CD3289CE-A927-4383-8652-8C84494A64EE}.Release|x64.Build.0 = Release|Any CPU
		{CD3289CE-A927-4383-8652-8C84494A64EE}.Release|x86.ActiveCfg = Release|Any CPU
		{CD3289CE-A927-4383-8652-8C84494A64EE}.Release|x86.Build.0 = Release|Any CPU
		{91B54FFC-9FD6-45D2-A05A-281A38B7D75C}.Debug|Any CPU.ActiveCfg = Debug|Any CPU
		{91B54FFC-9FD6-45D2-A05A-281A38B7D75C}.Debug|Any CPU.Build.0 = Debug|Any CPU
		{91B54FFC-9FD6-45D2-A05A-281A38B7D75C}.Debug|x64.ActiveCfg = Debug|Any CPU
		{91B54FFC-9FD6-45D2-A05A-281A38B7D75C}.Debug|x64.Build.0 = Debug|Any CPU
		{91B54FFC-9FD6-45D2-A05A-281A38B7D75C}.Debug|x86.ActiveCfg = Debug|Any CPU
		{91B54FFC-9FD6-45D2-A05A-281A38B7D75C}.Debug|x86.Build.0 = Debug|Any CPU
		{91B54FFC-9FD6-45D2-A05A-281A38B7D75C}.Release|Any CPU.ActiveCfg = Release|Any CPU
		{91B54FFC-9FD6-45D2-A05A-281A38B7D75C}.Release|Any CPU.Build.0 = Release|Any CPU
		{91B54FFC-9FD6-45D2-A05A-281A38B7D75C}.Release|x64.ActiveCfg = Release|Any CPU
		{91B54FFC-9FD6-45D2-A05A-281A38B7D75C}.Release|x64.Build.0 = Release|Any CPU
		{91B54FFC-9FD6-45D2-A05A-281A38B7D75C}.Release|x86.ActiveCfg = Release|Any CPU
		{91B54FFC-9FD6-45D2-A05A-281A38B7D75C}.Release|x86.Build.0 = Release|Any CPU
		{FAAED058-7AE8-4840-84C6-16ACE82E3628}.Debug|Any CPU.ActiveCfg = Debug|Any CPU
		{FAAED058-7AE8-4840-84C6-16ACE82E3628}.Debug|Any CPU.Build.0 = Debug|Any CPU
		{FAAED058-7AE8-4840-84C6-16ACE82E3628}.Debug|x64.ActiveCfg = Debug|Any CPU
		{FAAED058-7AE8-4840-84C6-16ACE82E3628}.Debug|x64.Build.0 = Debug|Any CPU
		{FAAED058-7AE8-4840-84C6-16ACE82E3628}.Debug|x86.ActiveCfg = Debug|Any CPU
		{FAAED058-7AE8-4840-84C6-16ACE82E3628}.Debug|x86.Build.0 = Debug|Any CPU
		{FAAED058-7AE8-4840-84C6-16ACE82E3628}.Release|Any CPU.ActiveCfg = Release|Any CPU
		{FAAED058-7AE8-4840-84C6-16ACE82E3628}.Release|Any CPU.Build.0 = Release|Any CPU
		{FAAED058-7AE8-4840-84C6-16ACE82E3628}.Release|x64.ActiveCfg = Release|Any CPU
		{FAAED058-7AE8-4840-84C6-16ACE82E3628}.Release|x64.Build.0 = Release|Any CPU
		{FAAED058-7AE8-4840-84C6-16ACE82E3628}.Release|x86.ActiveCfg = Release|Any CPU
		{FAAED058-7AE8-4840-84C6-16ACE82E3628}.Release|x86.Build.0 = Release|Any CPU
		{69EA318B-4871-4341-9D3A-A2E087C14071}.Debug|Any CPU.ActiveCfg = Debug|Any CPU
		{69EA318B-4871-4341-9D3A-A2E087C14071}.Debug|Any CPU.Build.0 = Debug|Any CPU
		{69EA318B-4871-4341-9D3A-A2E087C14071}.Debug|x64.ActiveCfg = Debug|Any CPU
		{69EA318B-4871-4341-9D3A-A2E087C14071}.Debug|x64.Build.0 = Debug|Any CPU
		{69EA318B-4871-4341-9D3A-A2E087C14071}.Debug|x86.ActiveCfg = Debug|Any CPU
		{69EA318B-4871-4341-9D3A-A2E087C14071}.Debug|x86.Build.0 = Debug|Any CPU
		{69EA318B-4871-4341-9D3A-A2E087C14071}.Release|Any CPU.ActiveCfg = Release|Any CPU
		{69EA318B-4871-4341-9D3A-A2E087C14071}.Release|Any CPU.Build.0 = Release|Any CPU
		{69EA318B-4871-4341-9D3A-A2E087C14071}.Release|x64.ActiveCfg = Release|Any CPU
		{69EA318B-4871-4341-9D3A-A2E087C14071}.Release|x64.Build.0 = Release|Any CPU
		{69EA318B-4871-4341-9D3A-A2E087C14071}.Release|x86.ActiveCfg = Release|Any CPU
		{69EA318B-4871-4341-9D3A-A2E087C14071}.Release|x86.Build.0 = Release|Any CPU
	EndGlobalSection
	GlobalSection(SolutionProperties) = preSolution
		HideSolutionNode = FALSE
	EndGlobalSection
	GlobalSection(NestedProjects) = preSolution
		{8B290487-4C16-E85E-E807-F579CBE9FC4D} = {827E0CD3-B72D-47B6-A68D-7590B98EB39B}
		{CD3289CE-A927-4383-8652-8C84494A64EE} = {8B290487-4C16-E85E-E807-F579CBE9FC4D}
		{22BAF98C-8415-17C4-B26A-D537657BC863} = {827E0CD3-B72D-47B6-A68D-7590B98EB39B}
		{91B54FFC-9FD6-45D2-A05A-281A38B7D75C} = {22BAF98C-8415-17C4-B26A-D537657BC863}
		{9048EB7F-3875-A59E-E36B-5BD4C6F2A282} = {827E0CD3-B72D-47B6-A68D-7590B98EB39B}
		{FAAED058-7AE8-4840-84C6-16ACE82E3628} = {9048EB7F-3875-A59E-E36B-5BD4C6F2A282}
		{394A81D9-3C45-9818-BB26-23F2B85056FF} = {0AB3BF05-4346-4AA6-1389-037BE0695223}
		{69EA318B-4871-4341-9D3A-A2E087C14071} = {394A81D9-3C45-9818-BB26-23F2B85056FF}
	EndGlobalSection
EndGlobal
